
Microsoft Visual Studio Solution File, Format Version 12.00
# Visual Studio 15
VisualStudioVersion = 15.0.27130.2024
MinimumVisualStudioVersion = 10.0.40219.1
Project("{8BC9CEB8-8B4A-11D0-8D11-00A0C91BC942}") = "libGroundwork", "libGroundwork.vcxproj", "{B14C7422-48E2-444E-AE5C-6D2D6FE6442E}"
EndProject
Project("{8BC9CEB8-8B4A-11D0-8D11-00A0C91BC942}") = "gw_test", "gw_test.vcxproj", "{061A5633-DEA4-4528-9888-5724444E2160}"
EndProject
Global
	GlobalSection(SolutionConfigurationPlatforms) = preSolution
		Debug|x64 = Debug|x64
		Debug|x86 = Debug|x86
		Release|x64 = Release|x64
		Release|x86 = Release|x86
	EndGlobalSection
	GlobalSection(ProjectConfigurationPlatforms) = postSolution
		{B14C7422-48E2-444E-AE5C-6D2D6FE6442E}.Debug|x64.ActiveCfg = Debug|x64
		{B14C7422-48E2-444E-AE5C-6D2D6FE6442E}.Debug|x64.Build.0 = Debug|x64
		{B14C7422-48E2-444E-AE5C-6D2D6FE6442E}.Debug|x86.ActiveCfg = Debug|Win32
		{B14C7422-48E2-444E-AE5C-6D2D6FE6442E}.Debug|x86.Build.0 = Debug|Win32
		{B14C7422-48E2-444E-AE5C-6D2D6FE6442E}.Release|x64.ActiveCfg = Release|x64
		{B14C7422-48E2-444E-AE5C-6D2D6FE6442E}.Release|x64.Build.0 = Release|x64
		{B14C7422-48E2-444E-AE5C-6D2D6FE6442E}.Release|x86.ActiveCfg = Release|Win32
		{B14C7422-48E2-444E-AE5C-6D2D6FE6442E}.Release|x86.Build.0 = Release|Win32
		{061A5633-DEA4-4528-9888-5724444E2160}.Debug|x64.ActiveCfg = Debug|x64
		{061A5633-DEA4-4528-9888-5724444E2160}.Debug|x64.Build.0 = Debug|x64
		{061A5633-DEA4-4528-9888-5724444E2160}.Debug|x86.ActiveCfg = Debug|Win32
		{061A5633-DEA4-4528-9888-5724444E2160}.Debug|x86.Build.0 = Debug|Win32
		{061A5633-DEA4-4528-9888-5724444E2160}.Release|x64.ActiveCfg = Release|x64
		{061A5633-DEA4-4528-9888-5724444E2160}.Release|x64.Build.0 = Release|x64
		{061A5633-DEA4-4528-9888-5724444E2160}.Release|x86.ActiveCfg = Release|Win32
		{061A5633-DEA4-4528-9888-5724444E2160}.Release|x86.Build.0 = Release|Win32
	EndGlobalSection
	GlobalSection(SolutionProperties) = preSolution
		HideSolutionNode = FALSE
	EndGlobalSection
	GlobalSection(ExtensibilityGlobals) = postSolution
		SolutionGuid = {0515535C-B552-4351-913F-4EF1805722E8}
	EndGlobalSection
EndGlobal
