
Microsoft Visual Studio Solution File, Format Version 12.00
# Visual Studio 15
VisualStudioVersion = 15.0.27130.2024
MinimumVisualStudioVersion = 10.0.40219.1
Project("{8BC9CEB8-8B4A-11D0-8D11-00A0C91BC942}") = "libGroundwork", "libGroundwork.vcxproj", "{B14C7422-48E2-444E-AE5C-6D2D6FE6442E}"
EndProject
Project("{8BC9CEB8-8B4A-11D0-8D11-00A0C91BC942}") = "gw_test", "gw_test.vcxproj", "{061A5633-DEA4-4528-9888-5724444E2160}"
EndProject
Project("{8BC9CEB8-8B4A-11D0-8D11-00A0C91BC942}") = "multires_filter", "samples\multiresfilter\multires_filter.vcxproj", "{D6D69C4E-4832-4D06-8710-E2FA5BCBDB78}"
	ProjectSection(ProjectDependencies) = postProject
		{B14C7422-48E2-444E-AE5C-6D2D6FE6442E} = {B14C7422-48E2-444E-AE5C-6D2D6FE6442E}
	EndProjectSection
EndProject
Project("{2150E333-8FDC-42A3-9474-1A3956D46DE8}") = "Tests", "Tests", "{837E7E80-4BC9-42D3-90AA-D88C240A76EF}"
EndProject
Project("{2150E333-8FDC-42A3-9474-1A3956D46DE8}") = "Samples", "Samples", "{77983665-04B2-43BA-B436-D03C233A34AF}"
EndProject
Project("{8BC9CEB8-8B4A-11D0-8D11-00A0C91BC942}") = "sh_pano_test", "tests\sh_pano_test\sh_pano_test.vcxproj", "{29894F61-ACEA-4DA9-B634-D5F0EE6C3D0A}"
EndProject
Global
	GlobalSection(SolutionConfigurationPlatforms) = preSolution
		Debug|x64 = Debug|x64
		Debug|x86 = Debug|x86
		Release|x64 = Release|x64
		Release|x86 = Release|x86
	EndGlobalSection
	GlobalSection(ProjectConfigurationPlatforms) = postSolution
		{B14C7422-48E2-444E-AE5C-6D2D6FE6442E}.Debug|x64.ActiveCfg = Debug|x64
		{B14C7422-48E2-444E-AE5C-6D2D6FE6442E}.Debug|x64.Build.0 = Debug|x64
		{B14C7422-48E2-444E-AE5C-6D2D6FE6442E}.Debug|x86.ActiveCfg = Debug|Win32
		{B14C7422-48E2-444E-AE5C-6D2D6FE6442E}.Debug|x86.Build.0 = Debug|Win32
		{B14C7422-48E2-444E-AE5C-6D2D6FE6442E}.Release|x64.ActiveCfg = Release|x64
		{B14C7422-48E2-444E-AE5C-6D2D6FE6442E}.Release|x64.Build.0 = Release|x64
		{B14C7422-48E2-444E-AE5C-6D2D6FE6442E}.Release|x86.ActiveCfg = Release|Win32
		{B14C7422-48E2-444E-AE5C-6D2D6FE6442E}.Release|x86.Build.0 = Release|Win32
		{061A5633-DEA4-4528-9888-5724444E2160}.Debug|x64.ActiveCfg = Debug|x64
		{061A5633-DEA4-4528-9888-5724444E2160}.Debug|x64.Build.0 = Debug|x64
		{061A5633-DEA4-4528-9888-5724444E2160}.Debug|x86.ActiveCfg = Debug|Win32
		{061A5633-DEA4-4528-9888-5724444E2160}.Debug|x86.Build.0 = Debug|Win32
		{061A5633-DEA4-4528-9888-5724444E2160}.Release|x64.ActiveCfg = Release|x64
		{061A5633-DEA4-4528-9888-5724444E2160}.Release|x64.Build.0 = Release|x64
		{061A5633-DEA4-4528-9888-5724444E2160}.Release|x86.ActiveCfg = Release|Win32
		{061A5633-DEA4-4528-9888-5724444E2160}.Release|x86.Build.0 = Release|Win32
		{D6D69C4E-4832-4D06-8710-E2FA5BCBDB78}.Debug|x64.ActiveCfg = Debug|x64
		{D6D69C4E-4832-4D06-8710-E2FA5BCBDB78}.Debug|x64.Build.0 = Debug|x64
		{D6D69C4E-4832-4D06-8710-E2FA5BCBDB78}.Debug|x86.ActiveCfg = Debug|Win32
		{D6D69C4E-4832-4D06-8710-E2FA5BCBDB78}.Debug|x86.Build.0 = Debug|Win32
		{D6D69C4E-4832-4D06-8710-E2FA5BCBDB78}.Release|x64.ActiveCfg = Release|x64
		{D6D69C4E-4832-4D06-8710-E2FA5BCBDB78}.Release|x64.Build.0 = Release|x64
		{D6D69C4E-4832-4D06-8710-E2FA5BCBDB78}.Release|x86.ActiveCfg = Release|Win32
		{D6D69C4E-4832-4D06-8710-E2FA5BCBDB78}.Release|x86.Build.0 = Release|Win32
		{29894F61-ACEA-4DA9-B634-D5F0EE6C3D0A}.Debug|x64.ActiveCfg = Debug|x64
		{29894F61-ACEA-4DA9-B634-D5F0EE6C3D0A}.Debug|x64.Build.0 = Debug|x64
		{29894F61-ACEA-4DA9-B634-D5F0EE6C3D0A}.Debug|x86.ActiveCfg = Debug|Win32
		{29894F61-ACEA-4DA9-B634-D5F0EE6C3D0A}.Debug|x86.Build.0 = Debug|Win32
		{29894F61-ACEA-4DA9-B634-D5F0EE6C3D0A}.Release|x64.ActiveCfg = Release|x64
		{29894F61-ACEA-4DA9-B634-D5F0EE6C3D0A}.Release|x64.Build.0 = Release|x64
		{29894F61-ACEA-4DA9-B634-D5F0EE6C3D0A}.Release|x86.ActiveCfg = Release|Win32
		{29894F61-ACEA-4DA9-B634-D5F0EE6C3D0A}.Release|x86.Build.0 = Release|Win32
	EndGlobalSection
	GlobalSection(SolutionProperties) = preSolution
		HideSolutionNode = FALSE
	EndGlobalSection
	GlobalSection(NestedProjects) = preSolution
		{D6D69C4E-4832-4D06-8710-E2FA5BCBDB78} = {77983665-04B2-43BA-B436-D03C233A34AF}
		{29894F61-ACEA-4DA9-B634-D5F0EE6C3D0A} = {837E7E80-4BC9-42D3-90AA-D88C240A76EF}
	EndGlobalSection
	GlobalSection(ExtensibilityGlobals) = postSolution
		SolutionGuid = {0515535C-B552-4351-913F-4EF1805722E8}
	EndGlobalSection
EndGlobal
